<?xml version="1.0" encoding="utf-8"?>
<Project ToolsVersion="4.0" xmlns="http://schemas.microsoft.com/developer/msbuild/2003">
  <ItemGroup>
    <Filter Include="Source Files"><UniqueIdentifier>{4FC737F1-C7A5-4376-A066-2A32D752A2FF}</UniqueIdentifier></Filter>
    <Filter Include="Header Files"><UniqueIdentifier>{93995380-89BD-4B04-88EB-625FBE52EBFB}</UniqueIdentifier></Filter>
  </ItemGroup>
  <ItemGroup>
    <ClCompile Include="AlxEnemyEventExport.cpp"><Filter>Source Files</Filter></ClCompile>
    <ClCompile Include="Application\OperationPreflight.cpp"><Filter>Source Files</Filter></ClCompile>
    <ClCompile Include="Application\OperationRunner.cpp"><Filter>Source Files</Filter></ClCompile>
    <ClCompile Include="Documents\GvrDocumentSession.cpp"><Filter>Source Files</Filter></ClCompile>
    <ClCompile Include="Documents\MldDocumentSession.cpp"><Filter>Source Files</Filter></ClCompile>
    <ClCompile Include="Documents\PvrDocumentSession.cpp"><Filter>Source Files</Filter></ClCompile>
    <ClCompile Include="Documents\PvrDocumentSupport.cpp"><Filter>Source Files</Filter></ClCompile>
    <ClCompile Include="Operations\OperationExecution.cpp"><Filter>Source Files</Filter></ClCompile>
  </ItemGroup>
  <ItemGroup>
    <ClInclude Include="AlxEnemyEventExport.h"><Filter>Header Files</Filter></ClInclude>
    <ClInclude Include="Application\Operation.h"><Filter>Header Files</Filter></ClInclude>
    <ClInclude Include="Application\OperationPreflight.h"><Filter>Header Files</Filter></ClInclude>
    <ClInclude Include="Application\OperationRunner.h"><Filter>Header Files</Filter></ClInclude>
    <ClInclude Include="Documents\DocumentSupport.h"><Filter>Header Files</Filter></ClInclude>
    <ClInclude Include="Documents\DocumentTypes.h"><Filter>Header Files</Filter></ClInclude>
    <ClInclude Include="Documents\GvrDocumentSession.h"><Filter>Header Files</Filter></ClInclude>
    <ClInclude Include="Documents\MldDocumentSession.h"><Filter>Header Files</Filter></ClInclude>
    <ClInclude Include="Documents\PvrDocumentSession.h"><Filter>Header Files</Filter></ClInclude>
    <ClInclude Include="Documents\PvrDocumentSupport.h"><Filter>Header Files</Filter></ClInclude>
    <ClInclude Include="Operations\AklzAlxOperations.inl"><Filter>Header Files</Filter></ClInclude>
    <ClInclude Include="Operations\GvrOperations.inl"><Filter>Header Files</Filter></ClInclude>
    <ClInclude Include="Operations\MldOperations.inl"><Filter>Header Files</Filter></ClInclude>
    <ClInclude Include="Operations\MlkStdContentGraphOperations.inl"><Filter>Header Files</Filter></ClInclude>
    <ClInclude Include="Operations\OperationExecution.h"><Filter>Header Files</Filter></ClInclude>
    <ClInclude Include="Operations\SctSmlOperations.inl"><Filter>Header Files</Filter></ClInclude>
    <ClInclude Include="SpiceMix.h"><Filter>Header Files</Filter></ClInclude>
  </ItemGroup>
</Project>
