<?xml version="1.0" encoding="utf-8"?>
<Project ToolsVersion="4.0" xmlns="http://schemas.microsoft.com/developer/msbuild/2003">
  <ItemGroup>
    <Filter Include="Source Files">
      <UniqueIdentifier>{4FC737F1-C7A5-4376-A066-2A32D752A2FF}</UniqueIdentifier>
      <Extensions>cpp;c;cc;cxx;c++;cppm;ixx;def;odl;idl;hpj;bat;asm;asmx</Extensions>
    </Filter>
    <Filter Include="Header Files">
      <UniqueIdentifier>{93995380-89BD-4b04-88EB-625FBE52EBFB}</UniqueIdentifier>
      <Extensions>h;hh;hpp;hxx;h++;hm;inl;inc;ipp;xsd</Extensions>
    </Filter>
    <Filter Include="Testing">
      <UniqueIdentifier>{E55F122A-D26D-43A4-A90F-8A3778DBB18A}</UniqueIdentifier>
    </Filter>
    <Filter Include="Port">
      <UniqueIdentifier>{159555d1-3a5c-4ee1-8c32-8cc824736e7f}</UniqueIdentifier>
    </Filter>
    <Filter Include="Port\Structs">
      <UniqueIdentifier>{26157E12-A6CD-48EC-97FB-BDB44FC80D8E}</UniqueIdentifier>
    </Filter>
    <Filter Include="Port\File">
      <UniqueIdentifier>{112D1A73-C521-437D-9843-3117F98CFBC4}</UniqueIdentifier>
    </Filter>
    <Filter Include="Port\ObjectData">
      <UniqueIdentifier>{7B9785D0-548C-4F89-AC9E-69C8A08CA61E}</UniqueIdentifier>
    </Filter>
    <Filter Include="Port\ObjectData\Enums">
      <UniqueIdentifier>{72B20E0F-B906-4144-B040-C8823F53C212}</UniqueIdentifier>
    </Filter>
    <Filter Include="Port\Mesh">
      <UniqueIdentifier>{3F366C22-1C0B-4765-8CE2-04B6E32BC538}</UniqueIdentifier>
    </Filter>
    <Filter Include="Port\Mesh\Chunk">
      <UniqueIdentifier>{78473926-A3CF-4280-9B71-8850BCAFF0F4}</UniqueIdentifier>
    </Filter>
    <Filter Include="Port\Mesh\Chunk\Structs">
      <UniqueIdentifier>{654E4D9D-5149-4E31-8500-C56D6DF71F77}</UniqueIdentifier>
    </Filter>
    <Filter Include="Port\Mesh\Chunk\PolyChunks">
      <UniqueIdentifier>{5D7F09EF-94D7-4F58-B07E-8861B2052F65}</UniqueIdentifier>
    </Filter>
    <Filter Include="Port\Animation">
      <UniqueIdentifier>{27A1B0DB-57D3-49C9-A0A5-87963EBC97E2}</UniqueIdentifier>
    </Filter>
    <Filter Include="Port\Mesh\Buffer">
      <UniqueIdentifier>{7DCC9225-89E5-4F94-A8BE-9EDC16087C21}</UniqueIdentifier>
    </Filter>
    <Filter Include="Port\Mesh\Converters">
      <UniqueIdentifier>{72853D42-65CE-4DB3-B0EE-47455E6CD0D2}</UniqueIdentifier>
    </Filter>
    <Filter Include="Port\Mesh\Weighted">
      <UniqueIdentifier>{30A8B811-112A-45B8-A81C-037DE4026D9D}</UniqueIdentifier>
    </Filter>
  </ItemGroup>
  <ItemGroup>
    <ClInclude Include="Animation\Enums.h">
      <Filter>Port\Animation</Filter>
    </ClInclude>
    <ClInclude Include="Animation\Keyframes.h">
      <Filter>Port\Animation</Filter>
    </ClInclude>
    <ClInclude Include="Animation\Motion.h">
      <Filter>Port\Animation</Filter>
    </ClInclude>
    <ClInclude Include="File\AnimationFile.h">
      <Filter>Port\File</Filter>
    </ClInclude>
    <ClInclude Include="Mesh\Buffer\BufferMesh.h">
      <Filter>Port\Mesh\Buffer</Filter>
    </ClInclude>
    <ClInclude Include="Mesh\Converters\ChunkBufferConverter.h">
      <Filter>Port\Mesh\Converters</Filter>
    </ClInclude>
    <ClInclude Include="Mesh\Converters\ActivePolyChunkHelper.h">
      <Filter>Port\Mesh\Converters</Filter>
    </ClInclude>
    <ClInclude Include="Mesh\Weighted\WeightedMesh.h">
      <Filter>Port\Mesh\Weighted</Filter>
    </ClInclude>
    <ClInclude Include="Sa3Dport.h">
      <Filter>Header Files</Filter>
    </ClInclude>
    <ClInclude Include="File\FileHeaders.h">
      <Filter>Port\File</Filter>
    </ClInclude>
    <ClInclude Include="File\MetaBlockType.h">
      <Filter>Port\File</Filter>
    </ClInclude>
    <ClInclude Include="File\MetaData.h">
      <Filter>Port\File</Filter>
    </ClInclude>
    <ClInclude Include="File\ModelFile.h">
      <Filter>Port\File</Filter>
    </ClInclude>
    <ClInclude Include="File\NJBlockUtility.h">
      <Filter>Port\File</Filter>
    </ClInclude>
    <ClInclude Include="Structs\BAMSFHelper.h">
      <Filter>Port\Structs</Filter>
    </ClInclude>
    <ClInclude Include="Structs\BaseLUT.h">
      <Filter>Port\Structs</Filter>
    </ClInclude>
    <ClInclude Include="Structs\Bounds.h">
      <Filter>Port\Structs</Filter>
    </ClInclude>
    <ClInclude Include="Structs\Color.h">
      <Filter>Port\Structs</Filter>
    </ClInclude>
    <ClInclude Include="Structs\ColorIOType.h">
      <Filter>Port\Structs</Filter>
    </ClInclude>
    <ClInclude Include="Structs\DebugStringExtensions.h">
      <Filter>Port\Structs</Filter>
    </ClInclude>
    <ClInclude Include="Structs\Endian.h">
      <Filter>Port\Structs</Filter>
    </ClInclude>
    <ClInclude Include="Structs\EndianIOExtensions.h">
      <Filter>Port\Structs</Filter>
    </ClInclude>
    <ClInclude Include="Structs\EndianStackReader.h">
      <Filter>Port\Structs</Filter>
    </ClInclude>
    <ClInclude Include="Structs\EndianStackWriter.h">
      <Filter>Port\Structs</Filter>
    </ClInclude>
    <ClInclude Include="Structs\FloatIOType.h">
      <Filter>Port\Structs</Filter>
    </ClInclude>
    <ClInclude Include="Structs\LabeledArray.h">
      <Filter>Port\Structs</Filter>
    </ClInclude>
    <ClInclude Include="Structs\MathCompat.h">
      <Filter>Port\Structs</Filter>
    </ClInclude>
    <ClInclude Include="Structs\MathHelper.h">
      <Filter>Port\Structs</Filter>
    </ClInclude>
    <ClInclude Include="Structs\Matrix4x4.h">
      <Filter>Port\Structs</Filter>
    </ClInclude>
    <ClInclude Include="Structs\MatrixUtilities.h">
      <Filter>Port\Structs</Filter>
    </ClInclude>
    <ClInclude Include="Structs\PointerIO.h">
      <Filter>Port\Structs</Filter>
    </ClInclude>
    <ClInclude Include="Structs\PointerLUT.h">
      <Filter>Port\Structs</Filter>
    </ClInclude>
    <ClInclude Include="Structs\PositionNormal.h">
      <Filter>Port\Structs</Filter>
    </ClInclude>
    <ClInclude Include="Structs\Quaternion.h">
      <Filter>Port\Structs</Filter>
    </ClInclude>
    <ClInclude Include="Structs\QuaternionUtilities.h">
      <Filter>Port\Structs</Filter>
    </ClInclude>
    <ClInclude Include="Structs\Vector2.h">
      <Filter>Port\Structs</Filter>
    </ClInclude>
    <ClInclude Include="Structs\Vector3.h">
      <Filter>Port\Structs</Filter>
    </ClInclude>
    <ClInclude Include="Structs\Vector4.h">
      <Filter>Port\Structs</Filter>
    </ClInclude>
    <ClInclude Include="Structs\VectorUtilities.h">
      <Filter>Port\Structs</Filter>
    </ClInclude>
    <ClInclude Include="Testing\Slice1TestApi.h">
      <Filter>Testing</Filter>
    </ClInclude>
    <ClInclude Include="Testing\Slice2TestApi.h">
      <Filter>Testing</Filter>
    </ClInclude>
    <ClInclude Include="Testing\Slice3TestApi.h">
      <Filter>Testing</Filter>
    </ClInclude>
    <ClInclude Include="Testing\Slice4TestApi.h">
      <Filter>Testing</Filter>
    </ClInclude>
    <ClInclude Include="Testing\Slice5TestApi.h">
      <Filter>Testing</Filter>
    </ClInclude>
    <ClInclude Include="Testing\Slice6TestApi.h">
      <Filter>Testing</Filter>
    </ClInclude>
    <ClInclude Include="Testing\Slice7TestApi.h">
      <Filter>Testing</Filter>
    </ClInclude>
    <ClInclude Include="Testing\Slice8TestApi.h">
      <Filter>Testing</Filter>
    </ClInclude>
    <ClInclude Include="Testing\Slice9TestApi.h">
      <Filter>Testing</Filter>
    </ClInclude>
    <ClInclude Include="Mesh\Attach.h">
      <Filter>Port\Mesh</Filter>
    </ClInclude>
    <ClInclude Include="Mesh\AttachDispatch.h">
      <Filter>Port\Mesh</Filter>
    </ClInclude>
    <ClInclude Include="Mesh\Enums.h">
      <Filter>Port\Mesh</Filter>
    </ClInclude>
    <ClInclude Include="Mesh\Chunk\ChunkAttach.h">
      <Filter>Port\Mesh\Chunk</Filter>
    </ClInclude>
    <ClInclude Include="Mesh\Chunk\ChunkTypeExtensions.h">
      <Filter>Port\Mesh\Chunk</Filter>
    </ClInclude>
    <ClInclude Include="Mesh\Chunk\VertexChunk.h">
      <Filter>Port\Mesh\Chunk</Filter>
    </ClInclude>
    <ClInclude Include="Mesh\Chunk\VertexChunkType.h">
      <Filter>Port\Mesh\Chunk</Filter>
    </ClInclude>
    <ClInclude Include="Mesh\Chunk\WeightStatus.h">
      <Filter>Port\Mesh\Chunk</Filter>
    </ClInclude>
    <ClInclude Include="Mesh\Chunk\PolyChunk.h">
      <Filter>Port\Mesh\Chunk</Filter>
    </ClInclude>
    <ClInclude Include="Mesh\Chunk\PolyChunkDispatch.h">
      <Filter>Port\Mesh\Chunk</Filter>
    </ClInclude>
    <ClInclude Include="Mesh\Chunk\PolyChunkType.h">
      <Filter>Port\Mesh\Chunk</Filter>
    </ClInclude>
    <ClInclude Include="Mesh\Chunk\PolyChunks\BitsChunk.h">
      <Filter>Port\Mesh\Chunk\PolyChunks</Filter>
    </ClInclude>
    <ClInclude Include="Mesh\Chunk\PolyChunks\MaterialBumpChunk.h">
      <Filter>Port\Mesh\Chunk\PolyChunks</Filter>
    </ClInclude>
    <ClInclude Include="Mesh\Chunk\PolyChunks\MaterialChunk.h">
      <Filter>Port\Mesh\Chunk\PolyChunks</Filter>
    </ClInclude>
    <ClInclude Include="Mesh\Chunk\PolyChunks\StripChunk.h">
      <Filter>Port\Mesh\Chunk\PolyChunks</Filter>
    </ClInclude>
    <ClInclude Include="Mesh\Chunk\PolyChunks\TextureChunk.h">
      <Filter>Port\Mesh\Chunk\PolyChunks</Filter>
    </ClInclude>
    <ClInclude Include="Mesh\Chunk\PolyChunks\VolumeChunk.h">
      <Filter>Port\Mesh\Chunk\PolyChunks</Filter>
    </ClInclude>
    <ClInclude Include="Mesh\Chunk\Structs\ChunkCorner.h">
      <Filter>Port\Mesh\Chunk\Structs</Filter>
    </ClInclude>
    <ClInclude Include="Mesh\Chunk\Structs\ChunkStrip.h">
      <Filter>Port\Mesh\Chunk\Structs</Filter>
    </ClInclude>
    <ClInclude Include="Mesh\Chunk\Structs\ChunkVertex.h">
      <Filter>Port\Mesh\Chunk\Structs</Filter>
    </ClInclude>
    <ClInclude Include="ObjectData\Enums\ModelFormat.h">
      <Filter>Port\ObjectData\Enums</Filter>
    </ClInclude>
    <ClInclude Include="ObjectData\Enums\NodeAttributes.h">
      <Filter>Port\ObjectData\Enums</Filter>
    </ClInclude>
    <ClInclude Include="ObjectData\Enums\RotationUpdateMode.h">
      <Filter>Port\ObjectData\Enums</Filter>
    </ClInclude>
    <ClInclude Include="ObjectData\Node.h">
      <Filter>Port\ObjectData</Filter>
    </ClInclude>
    <ClInclude Include="File\Structs\MetaWeight.h">
      <Filter>Port\File</Filter>
    </ClInclude>
    <ClInclude Include="File\Structs\MetaWeightNode.h">
      <Filter>Port\File</Filter>
    </ClInclude>
    <ClInclude Include="File\Structs\MetaWeightVertex.h">
      <Filter>Port\File</Filter>
    </ClInclude>
  </ItemGroup>
  <ItemGroup>
    <ClCompile Include="Sa3Dport.cpp">
      <Filter>Source Files</Filter>
    </ClCompile>
  </ItemGroup>
</Project>
