Microsoft Visual Studio Solution File, Format Version 12.00
# Visual Studio Version 17
VisualStudioVersion = 17.12.35506.116
MinimumVisualStudioVersion = 10.0.40219.1
Project("{8BC9CEB8-8B4A-11D0-8D11-00A0C91BC942}") = "Compression", "Compression\Compression.vcxproj", "{4F68E37C-185F-4DE8-A4D7-647E6F3659C4}"
EndProject
Project("{8BC9CEB8-8B4A-11D0-8D11-00A0C91BC942}") = "SpiceCore", "SpiceCore\SpiceCore.vcxproj", "{6F9D8280-6F7B-4237-9D4A-D9A09E7A1B2E}"
EndProject
Project("{8BC9CEB8-8B4A-11D0-8D11-00A0C91BC942}") = "Sa3Dport", "Sa3Dport\Sa3Dport.vcxproj", "{DF6013F5-9B25-4250-A0F7-EAF86E7BE9D7}"
EndProject
Project("{8BC9CEB8-8B4A-11D0-8D11-00A0C91BC942}") = "SoaSimGvm", "SoaSimGvm\SoaSimGvm.vcxproj", "{A3D377F9-43B8-4A4B-8C78-8F069B98E6F1}"
EndProject
Project("{8BC9CEB8-8B4A-11D0-8D11-00A0C91BC942}") = "SoaSimSCT", "SoaSimSCT\SoaSimSCT.vcxproj", "{8EF58CAF-3DFA-46B9-9197-FE71052A15EB}"
EndProject
Project("{8BC9CEB8-8B4A-11D0-8D11-00A0C91BC942}") = "SoaSimMLD", "SoaSimMLD\SoaSimMLD.vcxproj", "{C44D37F8-61F5-4A1C-B983-16D79FBC9954}"
EndProject
Project("{8BC9CEB8-8B4A-11D0-8D11-00A0C91BC942}") = "SoaSimContentGraph", "SoaSimContentGraph\SoaSimContentGraph.vcxproj", "{208F502E-EBB9-4AF0-A886-356757A46D41}"
EndProject
Project("{8BC9CEB8-8B4A-11D0-8D11-00A0C91BC942}") = "SpiceTests", "SpiceTests\SpiceTests.vcxproj", "{D528E9A2-9713-40A7-A7A1-21AF843E559E}"
EndProject
Project("{8BC9CEB8-8B4A-11D0-8D11-00A0C91BC942}") = "SoaSimFileParsing", "SoaSimFileParsing\SoaSimFileParsing.vcxproj", "{5D3077BE-5394-4707-8080-378AB630E54D}"
EndProject
Project("{FAE04EC0-301F-11D3-BF4B-00C04F79EFBC}") = "SA3DRefRunner", "tools\sa3d_ref_runner\SA3DRefRunner.csproj", "{31E00E18-8936-0269-3A5A-6095F03E8447}"
EndProject
Project("{FAE04EC0-301F-11D3-BF4B-00C04F79EFBC}") = "SA3D.Modeling", "third-party\SA3D.Modeling\src\SA3D.Modeling\SA3D.Modeling.csproj", "{5C24B79B-F710-961F-A834-73CD2EA72F0A}"
EndProject
Global
	GlobalSection(SolutionConfigurationPlatforms) = preSolution
		Debug|x64 = Debug|x64
		Release|x64 = Release|x64
	EndGlobalSection
	GlobalSection(ProjectConfigurationPlatforms) = postSolution
		{4F68E37C-185F-4DE8-A4D7-647E6F3659C4}.Debug|x64.ActiveCfg = Debug|x64
		{4F68E37C-185F-4DE8-A4D7-647E6F3659C4}.Debug|x64.Build.0 = Debug|x64
		{4F68E37C-185F-4DE8-A4D7-647E6F3659C4}.Release|x64.ActiveCfg = Release|x64
		{4F68E37C-185F-4DE8-A4D7-647E6F3659C4}.Release|x64.Build.0 = Release|x64
		{6F9D8280-6F7B-4237-9D4A-D9A09E7A1B2E}.Debug|x64.ActiveCfg = Debug|x64
		{6F9D8280-6F7B-4237-9D4A-D9A09E7A1B2E}.Debug|x64.Build.0 = Debug|x64
		{6F9D8280-6F7B-4237-9D4A-D9A09E7A1B2E}.Release|x64.ActiveCfg = Release|x64
		{6F9D8280-6F7B-4237-9D4A-D9A09E7A1B2E}.Release|x64.Build.0 = Release|x64
		{DF6013F5-9B25-4250-A0F7-EAF86E7BE9D7}.Debug|x64.ActiveCfg = Debug|x64
		{DF6013F5-9B25-4250-A0F7-EAF86E7BE9D7}.Debug|x64.Build.0 = Debug|x64
		{DF6013F5-9B25-4250-A0F7-EAF86E7BE9D7}.Release|x64.ActiveCfg = Release|x64
		{DF6013F5-9B25-4250-A0F7-EAF86E7BE9D7}.Release|x64.Build.0 = Release|x64
		{A3D377F9-43B8-4A4B-8C78-8F069B98E6F1}.Debug|x64.ActiveCfg = Debug|x64
		{A3D377F9-43B8-4A4B-8C78-8F069B98E6F1}.Debug|x64.Build.0 = Debug|x64
		{A3D377F9-43B8-4A4B-8C78-8F069B98E6F1}.Release|x64.ActiveCfg = Release|x64
		{A3D377F9-43B8-4A4B-8C78-8F069B98E6F1}.Release|x64.Build.0 = Release|x64
		{8EF58CAF-3DFA-46B9-9197-FE71052A15EB}.Debug|x64.ActiveCfg = Debug|x64
		{8EF58CAF-3DFA-46B9-9197-FE71052A15EB}.Debug|x64.Build.0 = Debug|x64
		{8EF58CAF-3DFA-46B9-9197-FE71052A15EB}.Release|x64.ActiveCfg = Release|x64
		{8EF58CAF-3DFA-46B9-9197-FE71052A15EB}.Release|x64.Build.0 = Release|x64
		{C44D37F8-61F5-4A1C-B983-16D79FBC9954}.Debug|x64.ActiveCfg = Debug|x64
		{C44D37F8-61F5-4A1C-B983-16D79FBC9954}.Debug|x64.Build.0 = Debug|x64
		{C44D37F8-61F5-4A1C-B983-16D79FBC9954}.Release|x64.ActiveCfg = Release|x64
		{C44D37F8-61F5-4A1C-B983-16D79FBC9954}.Release|x64.Build.0 = Release|x64
		{208F502E-EBB9-4AF0-A886-356757A46D41}.Debug|x64.ActiveCfg = Debug|x64
		{208F502E-EBB9-4AF0-A886-356757A46D41}.Debug|x64.Build.0 = Debug|x64
		{208F502E-EBB9-4AF0-A886-356757A46D41}.Release|x64.ActiveCfg = Release|x64
		{208F502E-EBB9-4AF0-A886-356757A46D41}.Release|x64.Build.0 = Release|x64
		{D528E9A2-9713-40A7-A7A1-21AF843E559E}.Debug|x64.ActiveCfg = Debug|x64
		{D528E9A2-9713-40A7-A7A1-21AF843E559E}.Debug|x64.Build.0 = Debug|x64
		{D528E9A2-9713-40A7-A7A1-21AF843E559E}.Release|x64.ActiveCfg = Release|x64
		{D528E9A2-9713-40A7-A7A1-21AF843E559E}.Release|x64.Build.0 = Release|x64
		{5D3077BE-5394-4707-8080-378AB630E54D}.Debug|x64.ActiveCfg = Debug|x64
		{5D3077BE-5394-4707-8080-378AB630E54D}.Debug|x64.Build.0 = Debug|x64
		{5D3077BE-5394-4707-8080-378AB630E54D}.Release|x64.ActiveCfg = Release|x64
		{5D3077BE-5394-4707-8080-378AB630E54D}.Release|x64.Build.0 = Release|x64
		{31E00E18-8936-0269-3A5A-6095F03E8447}.Debug|x64.ActiveCfg = Debug|Any CPU
		{31E00E18-8936-0269-3A5A-6095F03E8447}.Debug|x64.Build.0 = Debug|Any CPU
		{31E00E18-8936-0269-3A5A-6095F03E8447}.Release|x64.ActiveCfg = Release|Any CPU
		{31E00E18-8936-0269-3A5A-6095F03E8447}.Release|x64.Build.0 = Release|Any CPU
		{5C24B79B-F710-961F-A834-73CD2EA72F0A}.Debug|x64.ActiveCfg = Debug|Any CPU
		{5C24B79B-F710-961F-A834-73CD2EA72F0A}.Debug|x64.Build.0 = Debug|Any CPU
		{5C24B79B-F710-961F-A834-73CD2EA72F0A}.Release|x64.ActiveCfg = Release|Any CPU
		{5C24B79B-F710-961F-A834-73CD2EA72F0A}.Release|x64.Build.0 = Release|Any CPU
	EndGlobalSection
	GlobalSection(SolutionProperties) = preSolution
		HideSolutionNode = FALSE
	EndGlobalSection
	GlobalSection(ExtensibilityGlobals) = postSolution
		SolutionGuid = {16B4C5A6-F80E-4D74-A7F4-A83F11A4B9B0}
	EndGlobalSection
EndGlobal
