Microsoft Visual Studio Solution File, Format Version 12.00
# Visual Studio Version 17
VisualStudioVersion = 17.12.35506.116
MinimumVisualStudioVersion = 10.0.40219.1
Project("{8BC9CEB8-8B4A-11D0-8D11-00A0C91BC942}") = "Compression", "Compression\Compression.vcxproj", "{4F68E37C-185F-4DE8-A4D7-647E6F3659C4}"
EndProject
Project("{8BC9CEB8-8B4A-11D0-8D11-00A0C91BC942}") = "SpiceCore", "SpiceCore\SpiceCore.vcxproj", "{6F9D8280-6F7B-4237-9D4A-D9A09E7A1B2E}"
EndProject
Project("{8BC9CEB8-8B4A-11D0-8D11-00A0C91BC942}") = "Sa3Dport", "Sa3Dport\Sa3Dport.vcxproj", "{DF6013F5-9B25-4250-A0F7-EAF86E7BE9D7}"
EndProject
Project("{8BC9CEB8-8B4A-11D0-8D11-00A0C91BC942}") = "SpiceGvm", "SpiceGvm\SpiceGvm.vcxproj", "{A3D377F9-43B8-4A4B-8C78-8F069B98E6F1}"
EndProject
Project("{8BC9CEB8-8B4A-11D0-8D11-00A0C91BC942}") = "SpiceSCT", "SpiceSCT\SpiceSCT.vcxproj", "{8EF58CAF-3DFA-46B9-9197-FE71052A15EB}"
EndProject
Project("{8BC9CEB8-8B4A-11D0-8D11-00A0C91BC942}") = "SpiceMLD", "SpiceMLD\SpiceMLD.vcxproj", "{C44D37F8-61F5-4A1C-B983-16D79FBC9954}"
EndProject
Project("{8BC9CEB8-8B4A-11D0-8D11-00A0C91BC942}") = "SpiceSstSml", "SpiceSstSml\SpiceSstSml.vcxproj", "{7B2AFA73-419B-4B4C-873D-6B6767308D2F}"
EndProject
Project("{8BC9CEB8-8B4A-11D0-8D11-00A0C91BC942}") = "SpiceMlk", "SpiceMlk\SpiceMlk.vcxproj", "{67A98008-8BB7-4BC4-99B9-9517F67C53CC}"
EndProject
Project("{8BC9CEB8-8B4A-11D0-8D11-00A0C91BC942}") = "SpiceMll", "SpiceMll\SpiceMll.vcxproj", "{3F9BA4A5-F9B0-4293-97A1-9A7E1F8E7F86}"
EndProject
Project("{8BC9CEB8-8B4A-11D0-8D11-00A0C91BC942}") = "SpiceMllCorpusScan", "SpiceMll\SpiceMllCorpusScan.vcxproj", "{F41F4DF4-02C0-4925-BBE5-65044F73B524}"
EndProject
Project("{8BC9CEB8-8B4A-11D0-8D11-00A0C91BC942}") = "SpiceEct", "SpiceEct\SpiceEct.vcxproj", "{81EF38D9-DF34-427B-A78A-73E38A14DAD8}"
EndProject
Project("{8BC9CEB8-8B4A-11D0-8D11-00A0C91BC942}") = "SpiceBin", "SpiceBin\SpiceBin.vcxproj", "{CADB9B1C-FB06-4BDE-9B5E-2AA1836DEE05}"
EndProject
Project("{8BC9CEB8-8B4A-11D0-8D11-00A0C91BC942}") = "SpiceBinCorpusScan", "SpiceBin\SpiceBinCorpusScan.vcxproj", "{9249E57F-55B0-4EE6-BEAF-497EDC7ABCE5}"
EndProject
Project("{8BC9CEB8-8B4A-11D0-8D11-00A0C91BC942}") = "SpiceStd", "SpiceStd\SpiceStd.vcxproj", "{6A8F71C8-5C78-4E31-B40F-A15D5186E2F3}"
EndProject
Project("{8BC9CEB8-8B4A-11D0-8D11-00A0C91BC942}") = "SpiceStdCorpusScan", "SpiceStd\SpiceStdCorpusScan.vcxproj", "{38C1D8A2-6F1B-45BC-B68F-7C12E76208B9}"
EndProject
Project("{8BC9CEB8-8B4A-11D0-8D11-00A0C91BC942}") = "SpiceContentGraph", "SpiceContentGraph\SpiceContentGraph.vcxproj", "{208F502E-EBB9-4AF0-A886-356757A46D41}"
EndProject
Project("{8BC9CEB8-8B4A-11D0-8D11-00A0C91BC942}") = "SpiceTests", "SpiceTests\SpiceTests.vcxproj", "{D528E9A2-9713-40A7-A7A1-21AF843E559E}"
EndProject
Project("{8BC9CEB8-8B4A-11D0-8D11-00A0C91BC942}") = "SpiceFileParsing", "SpiceFileParsing\SpiceFileParsing.vcxproj", "{5D3077BE-5394-4707-8080-378AB630E54D}"
EndProject
Project("{FAE04EC0-301F-11D3-BF4B-00C04F79EFBC}") = "SA3DRefRunner", "tools\sa3d_ref_runner\SA3DRefRunner.csproj", "{31E00E18-8936-0269-3A5A-6095F03E8447}"
EndProject
Project("{FAE04EC0-301F-11D3-BF4B-00C04F79EFBC}") = "SA3D.Modeling", "third-party\SA3D.Modeling\src\SA3D.Modeling\SA3D.Modeling.csproj", "{5C24B79B-F710-961F-A834-73CD2EA72F0A}"
EndProject
Global
	GlobalSection(SolutionConfigurationPlatforms) = preSolution
		Debug|x64 = Debug|x64
		Release|x64 = Release|x64
	EndGlobalSection
	GlobalSection(ProjectConfigurationPlatforms) = postSolution
		{4F68E37C-185F-4DE8-A4D7-647E6F3659C4}.Debug|x64.ActiveCfg = Debug|x64
		{4F68E37C-185F-4DE8-A4D7-647E6F3659C4}.Debug|x64.Build.0 = Debug|x64
		{4F68E37C-185F-4DE8-A4D7-647E6F3659C4}.Release|x64.ActiveCfg = Release|x64
		{4F68E37C-185F-4DE8-A4D7-647E6F3659C4}.Release|x64.Build.0 = Release|x64
		{6F9D8280-6F7B-4237-9D4A-D9A09E7A1B2E}.Debug|x64.ActiveCfg = Debug|x64
		{6F9D8280-6F7B-4237-9D4A-D9A09E7A1B2E}.Debug|x64.Build.0 = Debug|x64
		{6F9D8280-6F7B-4237-9D4A-D9A09E7A1B2E}.Release|x64.ActiveCfg = Release|x64
		{6F9D8280-6F7B-4237-9D4A-D9A09E7A1B2E}.Release|x64.Build.0 = Release|x64
		{DF6013F5-9B25-4250-A0F7-EAF86E7BE9D7}.Debug|x64.ActiveCfg = Debug|x64
		{DF6013F5-9B25-4250-A0F7-EAF86E7BE9D7}.Debug|x64.Build.0 = Debug|x64
		{DF6013F5-9B25-4250-A0F7-EAF86E7BE9D7}.Release|x64.ActiveCfg = Release|x64
		{DF6013F5-9B25-4250-A0F7-EAF86E7BE9D7}.Release|x64.Build.0 = Release|x64
		{A3D377F9-43B8-4A4B-8C78-8F069B98E6F1}.Debug|x64.ActiveCfg = Debug|x64
		{A3D377F9-43B8-4A4B-8C78-8F069B98E6F1}.Debug|x64.Build.0 = Debug|x64
		{A3D377F9-43B8-4A4B-8C78-8F069B98E6F1}.Release|x64.ActiveCfg = Release|x64
		{A3D377F9-43B8-4A4B-8C78-8F069B98E6F1}.Release|x64.Build.0 = Release|x64
		{8EF58CAF-3DFA-46B9-9197-FE71052A15EB}.Debug|x64.ActiveCfg = Debug|x64
		{8EF58CAF-3DFA-46B9-9197-FE71052A15EB}.Debug|x64.Build.0 = Debug|x64
		{8EF58CAF-3DFA-46B9-9197-FE71052A15EB}.Release|x64.ActiveCfg = Release|x64
		{8EF58CAF-3DFA-46B9-9197-FE71052A15EB}.Release|x64.Build.0 = Release|x64
		{C44D37F8-61F5-4A1C-B983-16D79FBC9954}.Debug|x64.ActiveCfg = Debug|x64
		{C44D37F8-61F5-4A1C-B983-16D79FBC9954}.Debug|x64.Build.0 = Debug|x64
		{C44D37F8-61F5-4A1C-B983-16D79FBC9954}.Release|x64.ActiveCfg = Release|x64
		{C44D37F8-61F5-4A1C-B983-16D79FBC9954}.Release|x64.Build.0 = Release|x64
		{7B2AFA73-419B-4B4C-873D-6B6767308D2F}.Debug|x64.ActiveCfg = Debug|x64
		{7B2AFA73-419B-4B4C-873D-6B6767308D2F}.Debug|x64.Build.0 = Debug|x64
		{7B2AFA73-419B-4B4C-873D-6B6767308D2F}.Release|x64.ActiveCfg = Release|x64
		{7B2AFA73-419B-4B4C-873D-6B6767308D2F}.Release|x64.Build.0 = Release|x64
		{67A98008-8BB7-4BC4-99B9-9517F67C53CC}.Debug|x64.ActiveCfg = Debug|x64
		{67A98008-8BB7-4BC4-99B9-9517F67C53CC}.Debug|x64.Build.0 = Debug|x64
		{67A98008-8BB7-4BC4-99B9-9517F67C53CC}.Release|x64.ActiveCfg = Release|x64
		{67A98008-8BB7-4BC4-99B9-9517F67C53CC}.Release|x64.Build.0 = Release|x64
		{3F9BA4A5-F9B0-4293-97A1-9A7E1F8E7F86}.Debug|x64.ActiveCfg = Debug|x64
		{3F9BA4A5-F9B0-4293-97A1-9A7E1F8E7F86}.Debug|x64.Build.0 = Debug|x64
		{3F9BA4A5-F9B0-4293-97A1-9A7E1F8E7F86}.Release|x64.ActiveCfg = Release|x64
		{3F9BA4A5-F9B0-4293-97A1-9A7E1F8E7F86}.Release|x64.Build.0 = Release|x64
		{F41F4DF4-02C0-4925-BBE5-65044F73B524}.Debug|x64.ActiveCfg = Debug|x64
		{F41F4DF4-02C0-4925-BBE5-65044F73B524}.Debug|x64.Build.0 = Debug|x64
		{F41F4DF4-02C0-4925-BBE5-65044F73B524}.Release|x64.ActiveCfg = Release|x64
		{F41F4DF4-02C0-4925-BBE5-65044F73B524}.Release|x64.Build.0 = Release|x64
		{81EF38D9-DF34-427B-A78A-73E38A14DAD8}.Debug|x64.ActiveCfg = Debug|x64
		{81EF38D9-DF34-427B-A78A-73E38A14DAD8}.Debug|x64.Build.0 = Debug|x64
		{81EF38D9-DF34-427B-A78A-73E38A14DAD8}.Release|x64.ActiveCfg = Release|x64
		{81EF38D9-DF34-427B-A78A-73E38A14DAD8}.Release|x64.Build.0 = Release|x64
		{CADB9B1C-FB06-4BDE-9B5E-2AA1836DEE05}.Debug|x64.ActiveCfg = Debug|x64
		{CADB9B1C-FB06-4BDE-9B5E-2AA1836DEE05}.Debug|x64.Build.0 = Debug|x64
		{CADB9B1C-FB06-4BDE-9B5E-2AA1836DEE05}.Release|x64.ActiveCfg = Release|x64
		{CADB9B1C-FB06-4BDE-9B5E-2AA1836DEE05}.Release|x64.Build.0 = Release|x64
		{9249E57F-55B0-4EE6-BEAF-497EDC7ABCE5}.Debug|x64.ActiveCfg = Debug|x64
		{9249E57F-55B0-4EE6-BEAF-497EDC7ABCE5}.Debug|x64.Build.0 = Debug|x64
		{9249E57F-55B0-4EE6-BEAF-497EDC7ABCE5}.Release|x64.ActiveCfg = Release|x64
		{9249E57F-55B0-4EE6-BEAF-497EDC7ABCE5}.Release|x64.Build.0 = Release|x64
		{6A8F71C8-5C78-4E31-B40F-A15D5186E2F3}.Debug|x64.ActiveCfg = Debug|x64
		{6A8F71C8-5C78-4E31-B40F-A15D5186E2F3}.Debug|x64.Build.0 = Debug|x64
		{6A8F71C8-5C78-4E31-B40F-A15D5186E2F3}.Release|x64.ActiveCfg = Release|x64
		{6A8F71C8-5C78-4E31-B40F-A15D5186E2F3}.Release|x64.Build.0 = Release|x64
		{38C1D8A2-6F1B-45BC-B68F-7C12E76208B9}.Debug|x64.ActiveCfg = Debug|x64
		{38C1D8A2-6F1B-45BC-B68F-7C12E76208B9}.Debug|x64.Build.0 = Debug|x64
		{38C1D8A2-6F1B-45BC-B68F-7C12E76208B9}.Release|x64.ActiveCfg = Release|x64
		{38C1D8A2-6F1B-45BC-B68F-7C12E76208B9}.Release|x64.Build.0 = Release|x64
		{208F502E-EBB9-4AF0-A886-356757A46D41}.Debug|x64.ActiveCfg = Debug|x64
		{208F502E-EBB9-4AF0-A886-356757A46D41}.Debug|x64.Build.0 = Debug|x64
		{208F502E-EBB9-4AF0-A886-356757A46D41}.Release|x64.ActiveCfg = Release|x64
		{208F502E-EBB9-4AF0-A886-356757A46D41}.Release|x64.Build.0 = Release|x64
		{D528E9A2-9713-40A7-A7A1-21AF843E559E}.Debug|x64.ActiveCfg = Debug|x64
		{D528E9A2-9713-40A7-A7A1-21AF843E559E}.Debug|x64.Build.0 = Debug|x64
		{D528E9A2-9713-40A7-A7A1-21AF843E559E}.Release|x64.ActiveCfg = Release|x64
		{D528E9A2-9713-40A7-A7A1-21AF843E559E}.Release|x64.Build.0 = Release|x64
		{5D3077BE-5394-4707-8080-378AB630E54D}.Debug|x64.ActiveCfg = Debug|x64
		{5D3077BE-5394-4707-8080-378AB630E54D}.Debug|x64.Build.0 = Debug|x64
		{5D3077BE-5394-4707-8080-378AB630E54D}.Release|x64.ActiveCfg = Release|x64
		{5D3077BE-5394-4707-8080-378AB630E54D}.Release|x64.Build.0 = Release|x64
		{31E00E18-8936-0269-3A5A-6095F03E8447}.Debug|x64.ActiveCfg = Debug|Any CPU
		{31E00E18-8936-0269-3A5A-6095F03E8447}.Debug|x64.Build.0 = Debug|Any CPU
		{31E00E18-8936-0269-3A5A-6095F03E8447}.Release|x64.ActiveCfg = Release|Any CPU
		{31E00E18-8936-0269-3A5A-6095F03E8447}.Release|x64.Build.0 = Release|Any CPU
		{5C24B79B-F710-961F-A834-73CD2EA72F0A}.Debug|x64.ActiveCfg = Debug|Any CPU
		{5C24B79B-F710-961F-A834-73CD2EA72F0A}.Debug|x64.Build.0 = Debug|Any CPU
		{5C24B79B-F710-961F-A834-73CD2EA72F0A}.Release|x64.ActiveCfg = Release|Any CPU
		{5C24B79B-F710-961F-A834-73CD2EA72F0A}.Release|x64.Build.0 = Release|Any CPU
	EndGlobalSection
	GlobalSection(SolutionProperties) = preSolution
		HideSolutionNode = FALSE
	EndGlobalSection
	GlobalSection(ExtensibilityGlobals) = postSolution
		SolutionGuid = {16B4C5A6-F80E-4D74-A7F4-A83F11A4B9B0}
	EndGlobalSection
EndGlobal
