<?xml version="1.0" encoding="utf-8"?>
<Project ToolsVersion="4.0" xmlns="http://schemas.microsoft.com/developer/msbuild/2003">
  <ItemGroup>
    <Filter Include="Model">
      <UniqueIdentifier>{0CF71CFD-60F2-4989-BB4E-AF57D8670F11}</UniqueIdentifier>
    </Filter>
    <Filter Include="Parsing">
      <UniqueIdentifier>{9BDF24C8-35A2-4A22-A95A-1672D4F8D22C}</UniqueIdentifier>
    </Filter>
    <Filter Include="Common">
      <UniqueIdentifier>{2E95A34E-04F6-4FBA-9236-2B0E9C40B1A2}</UniqueIdentifier>
    </Filter>
    <Filter Include="EntryPoint">
      <UniqueIdentifier>{93995380-89BD-4B04-88EB-625FBE52EBFB}</UniqueIdentifier>
      <Extensions>h;hh;hpp;hxx;h++;hm;inl;inc;ipp;xsd</Extensions>
    </Filter>
    <Filter Include="Export">
      <UniqueIdentifier>{C8A2F599-A70B-4D84-BAA2-0CF225D37020}</UniqueIdentifier>
    </Filter>
  </ItemGroup>
  <ItemGroup>
    <ClInclude Include="common\ByteUtils.h">
      <Filter>Common</Filter>
    </ClInclude>
    <ClInclude Include="Export\BlenderIrJsonExporter.h">
      <Filter>Export</Filter>
    </ClInclude>
    <ClInclude Include="Export\MldFileExporter.h">
      <Filter>Export</Filter>
    </ClInclude>
    <ClInclude Include="Model\IndexEntry.h">
      <Filter>Model</Filter>
    </ClInclude>
    <ClInclude Include="Model\GeometryModel.h">
      <Filter>Model</Filter>
    </ClInclude>
    <ClInclude Include="Model\BlenderIrModel.h">
      <Filter>Model</Filter>
    </ClInclude>
    <ClInclude Include="Model\MldFile.h">
      <Filter>Model</Filter>
    </ClInclude>
    <ClInclude Include="Model\MldTextureArchiveModel.h">
      <Filter>Model</Filter>
    </ClInclude>
    <ClInclude Include="Model\U32List.h">
      <Filter>Model</Filter>
    </ClInclude>
    <ClInclude Include="Model\SearchWorldModel.h">
      <Filter>Model</Filter>
    </ClInclude>
    <ClInclude Include="Model\Types.h">
      <Filter>Model</Filter>
    </ClInclude>
    <ClInclude Include="Model\WorldModel.h">
      <Filter>Model</Filter>
    </ClInclude>
    <ClInclude Include="Parsing\EntryHandlers.h">
      <Filter>Parsing</Filter>
    </ClInclude>
    <ClInclude Include="Parsing\BlenderIrDiagnostics.h">
      <Filter>Parsing</Filter>
    </ClInclude>
    <ClInclude Include="Parsing\GvrTextureDecoder.h">
      <Filter>Parsing</Filter>
    </ClInclude>
    <ClInclude Include="Parsing\GeometryBuilder.h">
      <Filter>Parsing</Filter>
    </ClInclude>
    <ClInclude Include="Parsing\GobjParser.h">
      <Filter>Parsing</Filter>
    </ClInclude>
    <ClInclude Include="Parsing\GrndParser.h">
      <Filter>Parsing</Filter>
    </ClInclude>
    <ClInclude Include="Parsing\MldBinaryReader.h">
      <Filter>Parsing</Filter>
    </ClInclude>
    <ClInclude Include="Parsing\MldTextureArchiveParser.h">
      <Filter>Parsing</Filter>
    </ClInclude>
    <ClInclude Include="Parsing\MldParser.h">
      <Filter>Parsing</Filter>
    </ClInclude>
    <ClInclude Include="Parsing\Sa3dBlenderIrBuilder.h">
      <Filter>Parsing</Filter>
    </ClInclude>
    <ClInclude Include="SpiceMLD.h">
      <Filter>EntryPoint</Filter>
    </ClInclude>
  </ItemGroup>
  <ItemGroup>
    <ClCompile Include="Export\BlenderIrJsonExporter.cpp">
      <Filter>Export</Filter>
    </ClCompile>
    <ClCompile Include="Export\MldFileExporter.cpp">
      <Filter>Export</Filter>
    </ClCompile>
    <ClCompile Include="SpiceMLD.cpp">
      <Filter>EntryPoint</Filter>
    </ClCompile>
    <ClCompile Include="Model\BlenderIrModel.cpp">
      <Filter>Model</Filter>
    </ClCompile>
    <ClCompile Include="Parsing\MldBinaryReader.cpp">
      <Filter>Parsing</Filter>
    </ClCompile>
    <ClCompile Include="Parsing\MldTextureArchiveParser.cpp">
      <Filter>Parsing</Filter>
    </ClCompile>
    <ClCompile Include="Parsing\BlenderIrDiagnostics.cpp">
      <Filter>Parsing</Filter>
    </ClCompile>
    <ClCompile Include="Parsing\GvrTextureDecoder.cpp">
      <Filter>Parsing</Filter>
    </ClCompile>
    <ClCompile Include="Parsing\GeometryBuilder.cpp">
      <Filter>Parsing</Filter>
    </ClCompile>
    <ClCompile Include="Parsing\GobjParser.cpp">
      <Filter>Parsing</Filter>
    </ClCompile>
    <ClCompile Include="Parsing\GrndParser.cpp">
      <Filter>Parsing</Filter>
    </ClCompile>
    <ClCompile Include="Parsing\MldParser.cpp">
      <Filter>Parsing</Filter>
    </ClCompile>
    <ClCompile Include="Parsing\Sa3dBlenderIrBuilder.cpp">
      <Filter>Parsing</Filter>
    </ClCompile>
  </ItemGroup>
</Project>
