<?xml version="1.0" encoding="utf-8"?>
<Project ToolsVersion="4.0" xmlns="http://schemas.microsoft.com/developer/msbuild/2003">
  <ItemGroup>
    <Filter Include="Entry Point">
      <UniqueIdentifier>{4FC737F1-C7A5-4376-A066-2A32D752A2FF}</UniqueIdentifier>
      <Extensions>cpp;c;cc;cxx;c++;cppm;ixx;def;odl;idl;hpj;bat;asm;asmx</Extensions>
    </Filter>
    <Filter Include="Model">
      <UniqueIdentifier>{93995380-89BD-4B04-88EB-625FBE52EBFB}</UniqueIdentifier>
      <Extensions>h;hh;hpp;hxx;h++;hm;inl;inc;ipp;xsd</Extensions>
    </Filter>
    <Filter Include="Parser">
      <UniqueIdentifier>{aea6f113-81c7-418e-ac15-e8fdcdbfe668}</UniqueIdentifier>
    </Filter>
    <Filter Include="Export">
      <UniqueIdentifier>{dd5829f4-8403-4472-9f7b-9b27bdbbb0d7}</UniqueIdentifier>
    </Filter>
  </ItemGroup>
  <ItemGroup>
    <ClInclude Include="SctModel.h">
      <Filter>Model</Filter>
    </ClInclude>
    <ClInclude Include="SpiceSCT.h">
      <Filter>Entry Point</Filter>
    </ClInclude>
    <ClInclude Include="SctParser.h">
      <Filter>Parser</Filter>
    </ClInclude>
    <ClInclude Include="SctParseProbe.h">
      <Filter>Parser</Filter>
    </ClInclude>
    <ClInclude Include="SctOpcodeMetadata.h">
      <Filter>Parser</Filter>
    </ClInclude>
    <ClInclude Include="SctTextContract.h">
      <Filter>Model</Filter>
    </ClInclude>
    <ClInclude Include="SctHeaderContract.h">
      <Filter>Model</Filter>
    </ClInclude>
    <ClInclude Include="SctTextBuilder.h">
      <Filter>Model</Filter>
    </ClInclude>
    <ClInclude Include="SctTextCodec.h">
      <Filter>Model</Filter>
    </ClInclude>
    <ClInclude Include="SctTextEvidence.h">
      <Filter>Model</Filter>
    </ClInclude>
    <ClInclude Include="SctOpcodeCatalogNames.h">
      <Filter>Parser</Filter>
    </ClInclude>
    <ClInclude Include="SctOpcodeParameterRoles.h">
      <Filter>Parser</Filter>
    </ClInclude>
    <ClInclude Include="SctScptDecodeHelpers.h">
      <Filter>Parser</Filter>
    </ClInclude>
    <ClInclude Include="SctScptEncoding.h">
      <Filter>Parser</Filter>
    </ClInclude>
    <ClInclude Include="SctIrBuilder.h">
      <Filter>Model</Filter>
    </ClInclude>
    <ClInclude Include="SctJsonExporter.h">
      <Filter>Export</Filter>
    </ClInclude>
    <ClInclude Include="SctBinaryExporter.h">
      <Filter>Export</Filter>
    </ClInclude>
    <ClInclude Include="SctSemanticComparer.h">
      <Filter>Model</Filter>
    </ClInclude>
    <ClInclude Include="SctDocument.h">
      <Filter>Model</Filter>
    </ClInclude>
    <ClInclude Include="SctDocumentBuilder.h">
      <Filter>Model</Filter>
    </ClInclude>
    <ClInclude Include="SctDocumentIndex.h">
      <Filter>Model</Filter>
    </ClInclude>
    <ClInclude Include="SctSourceMap.h">
      <Filter>Model</Filter>
    </ClInclude>
    <ClInclude Include="SctSha256.h">
      <Filter>Model</Filter>
    </ClInclude>
    <ClInclude Include="SctDocumentAnalysis.h">
      <Filter>Model</Filter>
    </ClInclude>
    <ClInclude Include="SctInstructionFactory.h">
      <Filter>Model</Filter>
    </ClInclude>
    <ClInclude Include="SctDocumentImporter.h">
      <Filter>Model</Filter>
    </ClInclude>
    <ClInclude Include="SctDocumentValidator.h">
      <Filter>Model</Filter>
    </ClInclude>
    <ClInclude Include="SctDocumentExporter.h">
      <Filter>Export</Filter>
    </ClInclude>
    <ClInclude Include="SctReferenceRepair.h">
      <Filter>Model</Filter>
    </ClInclude>
    <ClInclude Include="SctDocumentEntityFactory.h">
      <Filter>Model</Filter>
    </ClInclude>
    <ClInclude Include="SctDocumentWorkflow.h">
      <Filter>Model</Filter>
    </ClInclude>
  </ItemGroup>
  <ItemGroup>
    <ClCompile Include="SctParser.cpp">
      <Filter>Parser</Filter>
    </ClCompile>
    <ClCompile Include="SctParseProbe.cpp">
      <Filter>Parser</Filter>
    </ClCompile>
    <ClCompile Include="SctScptDecodeHelpers.cpp">
      <Filter>Parser</Filter>
    </ClCompile>
    <ClCompile Include="SctScptEncoding.cpp">
      <Filter>Parser</Filter>
    </ClCompile>
    <ClCompile Include="SctTextBuilder.cpp">
      <Filter>Model</Filter>
    </ClCompile>
    <ClCompile Include="SctTextCodec.cpp">
      <Filter>Model</Filter>
    </ClCompile>
    <ClCompile Include="SctTextEvidence.cpp">
      <Filter>Model</Filter>
    </ClCompile>
    <ClCompile Include="SctIrBuilder.cpp">
      <Filter>Model</Filter>
    </ClCompile>
    <ClCompile Include="SctJsonExporter.cpp">
      <Filter>Export</Filter>
    </ClCompile>
    <ClCompile Include="SctBinaryExporter.cpp">
      <Filter>Export</Filter>
    </ClCompile>
    <ClCompile Include="SctSemanticComparer.cpp">
      <Filter>Model</Filter>
    </ClCompile>
    <ClCompile Include="SctDocumentImporter.cpp">
      <Filter>Model</Filter>
    </ClCompile>
    <ClCompile Include="SctDocumentBuilder.cpp">
      <Filter>Model</Filter>
    </ClCompile>
    <ClCompile Include="SctDocumentIndex.cpp">
      <Filter>Model</Filter>
    </ClCompile>
    <ClCompile Include="SctSourceMap.cpp">
      <Filter>Model</Filter>
    </ClCompile>
    <ClCompile Include="SctSha256.cpp">
      <Filter>Model</Filter>
    </ClCompile>
    <ClCompile Include="SctDocumentAnalysis.cpp">
      <Filter>Model</Filter>
    </ClCompile>
    <ClCompile Include="SctInstructionFactory.cpp">
      <Filter>Model</Filter>
    </ClCompile>
    <ClCompile Include="SctDocumentValidator.cpp">
      <Filter>Model</Filter>
    </ClCompile>
    <ClCompile Include="SctDocumentExporter.cpp">
      <Filter>Export</Filter>
    </ClCompile>
    <ClCompile Include="SctReferenceRepair.cpp">
      <Filter>Model</Filter>
    </ClCompile>
    <ClCompile Include="SctDocumentEntityFactory.cpp">
      <Filter>Model</Filter>
    </ClCompile>
    <ClCompile Include="SctDocumentWorkflow.cpp">
      <Filter>Model</Filter>
    </ClCompile>
  </ItemGroup>
</Project>
