<?xml version="1.0" encoding="utf-8"?>
<Project ToolsVersion="4.0" xmlns="http://schemas.microsoft.com/developer/msbuild/2003">
  <ItemGroup>
    <Filter Include="EntryPoint">
      <UniqueIdentifier>{FC36B4C4-EB22-4979-A4BF-A13D04909D66}</UniqueIdentifier>
    </Filter>
    <Filter Include="Model">
      <UniqueIdentifier>{7A8BA7B4-DCCF-439A-91C4-BAD192F303CC}</UniqueIdentifier>
    </Filter>
    <Filter Include="Reader">
      <UniqueIdentifier>{A9EF5D75-FCD7-4C4F-A57D-30F7849170C8}</UniqueIdentifier>
    </Filter>
    <Filter Include="Writer">
      <UniqueIdentifier>{73266268-DADB-4037-9198-2482659C4404}</UniqueIdentifier>
    </Filter>
    <Filter Include="Workspace">
      <UniqueIdentifier>{34A090C6-3F42-45F4-AEE5-2F6F179901D4}</UniqueIdentifier>
    </Filter>
  </ItemGroup>
  <ItemGroup>
    <ClInclude Include="SpiceTrade.h">
      <Filter>EntryPoint</Filter>
    </ClInclude>
    <ClInclude Include="CsvModel.h">
      <Filter>Model</Filter>
    </ClInclude>
    <ClInclude Include="CsvReader.h">
      <Filter>Reader</Filter>
    </ClInclude>
    <ClInclude Include="CsvWriter.h">
      <Filter>Writer</Filter>
    </ClInclude>
    <ClInclude Include="Workspace.h">
      <Filter>Workspace</Filter>
    </ClInclude>
  </ItemGroup>
  <ItemGroup>
    <ClCompile Include="CsvModel.cpp">
      <Filter>Model</Filter>
    </ClCompile>
    <ClCompile Include="CsvReader.cpp">
      <Filter>Reader</Filter>
    </ClCompile>
    <ClCompile Include="CsvWriter.cpp">
      <Filter>Writer</Filter>
    </ClCompile>
    <ClCompile Include="Workspace.cpp">
      <Filter>Workspace</Filter>
    </ClCompile>
  </ItemGroup>
  <ItemGroup>
    <None Include="README.md" />
  </ItemGroup>
</Project>
