<?xml version="1.0" encoding="utf-8"?>
<Project ToolsVersion="4.0" xmlns="http://schemas.microsoft.com/developer/msbuild/2003">
  <ItemGroup>
    <Filter Include="EntryPoint">
      <UniqueIdentifier>{65E9A6F8-35EC-411A-B137-2994F621D6B1}</UniqueIdentifier>
    </Filter>
    <Filter Include="Model">
      <UniqueIdentifier>{74639D01-B68E-4825-B4C7-F8D19829569A}</UniqueIdentifier>
    </Filter>
    <Filter Include="Parser">
      <UniqueIdentifier>{D4787C41-3EF1-4982-825A-53D31435681D}</UniqueIdentifier>
    </Filter>
  </ItemGroup>
  <ItemGroup>
    <ClInclude Include="SpiceEct.h">
      <Filter>EntryPoint</Filter>
    </ClInclude>
    <ClInclude Include="EctModel.h">
      <Filter>Model</Filter>
    </ClInclude>
    <ClInclude Include="EctParser.h">
      <Filter>Parser</Filter>
    </ClInclude>
  </ItemGroup>
  <ItemGroup>
    <ClCompile Include="SpiceEct.cpp">
      <Filter>EntryPoint</Filter>
    </ClCompile>
    <ClCompile Include="EctParser.cpp">
      <Filter>Parser</Filter>
    </ClCompile>
  </ItemGroup>
</Project>
