<?xml version="1.0" encoding="utf-8"?>
<Project ToolsVersion="4.0" xmlns="http://schemas.microsoft.com/developer/msbuild/2003">
  <ItemGroup>
    <Filter Include="Entry Point">
      <UniqueIdentifier>{8A8650DE-5D03-48EF-8500-FA8B2D00BDEB}</UniqueIdentifier>
    </Filter>
    <Filter Include="Core">
      <UniqueIdentifier>{76707313-A7BF-43B4-9B3A-42CA309C20A2}</UniqueIdentifier>
    </Filter>
    <Filter Include="Builders">
      <UniqueIdentifier>{8E66E0FB-72F7-4E2D-8474-7894E5048E05}</UniqueIdentifier>
    </Filter>
    <Filter Include="Export">
      <UniqueIdentifier>{65D6B4F8-665D-4F1D-B942-986EB383115D}</UniqueIdentifier>
    </Filter>
  </ItemGroup>
  <ItemGroup>
    <ClInclude Include="SoaSimContentGraph.h">
      <Filter>Entry Point</Filter>
    </ClInclude>
    <ClInclude Include="ContentGraph.h">
      <Filter>Core</Filter>
    </ClInclude>
    <ClInclude Include="ContentGraphIds.h">
      <Filter>Core</Filter>
    </ClInclude>
    <ClInclude Include="ContentGraphTypes.h">
      <Filter>Core</Filter>
    </ClInclude>
    <ClInclude Include="ContentGraphCorpusBuilder.h">
      <Filter>Builders</Filter>
    </ClInclude>
    <ClInclude Include="MldGraphBuilder.h">
      <Filter>Builders</Filter>
    </ClInclude>
    <ClInclude Include="SctGraphBuilder.h">
      <Filter>Builders</Filter>
    </ClInclude>
    <ClInclude Include="ContentGraphJsonExporter.h">
      <Filter>Export</Filter>
    </ClInclude>
  </ItemGroup>
  <ItemGroup>
    <ClCompile Include="ContentGraph.cpp">
      <Filter>Core</Filter>
    </ClCompile>
    <ClCompile Include="ContentGraphIds.cpp">
      <Filter>Core</Filter>
    </ClCompile>
    <ClCompile Include="ContentGraphTypes.cpp">
      <Filter>Core</Filter>
    </ClCompile>
    <ClCompile Include="ContentGraphCorpusBuilder.cpp">
      <Filter>Builders</Filter>
    </ClCompile>
    <ClCompile Include="MldGraphBuilder.cpp">
      <Filter>Builders</Filter>
    </ClCompile>
    <ClCompile Include="SctGraphBuilder.cpp">
      <Filter>Builders</Filter>
    </ClCompile>
    <ClCompile Include="ContentGraphJsonExporter.cpp">
      <Filter>Export</Filter>
    </ClCompile>
  </ItemGroup>
</Project>
